
Microsoft Visual Studio Solution File, Format Version 12.00
# Visual Studio 15
VisualStudioVersion = 15.0.28307.572
MinimumVisualStudioVersion = 10.0.40219.1
Project("{FAE04EC0-301F-11D3-BF4B-00C04F79EFBC}") = "Server", "Server\Server.csproj", "{FA2507C8-B501-42D3-B268-9B43264EBD5A}"
EndProject
Global
	GlobalSection(SolutionConfigurationPlatforms) = preSolution
		Debug|Any CPU = Debug|Any CPU
		Release|Any CPU = Release|Any CPU
	EndGlobalSection
	GlobalSection(ProjectConfigurationPlatforms) = postSolution
		{FA2507C8-B501-42D3-B268-9B43264EBD5A}.Debug|Any CPU.ActiveCfg = Debug|Any CPU
		{FA2507C8-B501-42D3-B268-9B43264EBD5A}.Debug|Any CPU.Build.0 = Debug|Any CPU
		{FA2507C8-B501-42D3-B268-9B43264EBD5A}.Release|Any CPU.ActiveCfg = Release|Any CPU
		{FA2507C8-B501-42D3-B268-9B43264EBD5A}.Release|Any CPU.Build.0 = Release|Any CPU
	EndGlobalSection
	GlobalSection(SolutionProperties) = preSolution
		HideSolutionNode = FALSE
	EndGlobalSection
	GlobalSection(ExtensibilityGlobals) = postSolution
		SolutionGuid = {BDEA1D92-44DF-4735-B2B7-41647419CA18}
	EndGlobalSection
EndGlobal
