
Microsoft Visual Studio Solution File, Format Version 12.00
# Visual Studio 15
VisualStudioVersion = 15.0.28307.572
MinimumVisualStudioVersion = 10.0.40219.1
Project("{FAE04EC0-301F-11D3-BF4B-00C04F79EFBC}") = "ClientB", "ClientB\ClientB.csproj", "{C7B45F41-9949-4B10-BB8F-F99EAD5D8B8C}"
EndProject
Global
	GlobalSection(SolutionConfigurationPlatforms) = preSolution
		Debug|Any CPU = Debug|Any CPU
		Release|Any CPU = Release|Any CPU
	EndGlobalSection
	GlobalSection(ProjectConfigurationPlatforms) = postSolution
		{C7B45F41-9949-4B10-BB8F-F99EAD5D8B8C}.Debug|Any CPU.ActiveCfg = Debug|Any CPU
		{C7B45F41-9949-4B10-BB8F-F99EAD5D8B8C}.Debug|Any CPU.Build.0 = Debug|Any CPU
		{C7B45F41-9949-4B10-BB8F-F99EAD5D8B8C}.Release|Any CPU.ActiveCfg = Release|Any CPU
		{C7B45F41-9949-4B10-BB8F-F99EAD5D8B8C}.Release|Any CPU.Build.0 = Release|Any CPU
	EndGlobalSection
	GlobalSection(SolutionProperties) = preSolution
		HideSolutionNode = FALSE
	EndGlobalSection
	GlobalSection(ExtensibilityGlobals) = postSolution
		SolutionGuid = {65300874-BA7E-4C7A-96EE-EDF33D053DFC}
	EndGlobalSection
EndGlobal
